
Microsoft Visual Studio Solution File, Format Version 12.00
# Visual Studio Version 17
VisualStudioVersion = 17.14.36616.10 d17.14
MinimumVisualStudioVersion = 10.0.40219.1
Project("{FAE04EC0-301F-11D3-BF4B-00C04F79EFBC}") = "TextBlockYLabel_7", "TextBlockYLabel_7\TextBlockYLabel_7.csproj", "{10D31560-01AA-4890-9AF9-6D40F93BB11A}"
EndProject
Global
	GlobalSection(SolutionConfigurationPlatforms) = preSolution
		Debug|Any CPU = Debug|Any CPU
		Release|Any CPU = Release|Any CPU
	EndGlobalSection
	GlobalSection(ProjectConfigurationPlatforms) = postSolution
		{10D31560-01AA-4890-9AF9-6D40F93BB11A}.Debug|Any CPU.ActiveCfg = Debug|Any CPU
		{10D31560-01AA-4890-9AF9-6D40F93BB11A}.Debug|Any CPU.Build.0 = Debug|Any CPU
		{10D31560-01AA-4890-9AF9-6D40F93BB11A}.Release|Any CPU.ActiveCfg = Release|Any CPU
		{10D31560-01AA-4890-9AF9-6D40F93BB11A}.Release|Any CPU.Build.0 = Release|Any CPU
	EndGlobalSection
	GlobalSection(SolutionProperties) = preSolution
		HideSolutionNode = FALSE
	EndGlobalSection
	GlobalSection(ExtensibilityGlobals) = postSolution
		SolutionGuid = {2B3D3E7D-B7BD-4BF0-8CEB-D4BB2F5CFDC6}
	EndGlobalSection
EndGlobal
