
Microsoft Visual Studio Solution File, Format Version 12.00
# Visual Studio Version 17
VisualStudioVersion = 17.14.36414.22 d17.14
MinimumVisualStudioVersion = 10.0.40219.1
Project("{FAE04EC0-301F-11D3-BF4B-00C04F79EFBC}") = "RadioButtonYPasswordBox_5", "RadioButtonYPasswordBox_5\RadioButtonYPasswordBox_5.csproj", "{4A8DCD39-DE4D-4433-B06F-058F44CDC280}"
EndProject
Global
	GlobalSection(SolutionConfigurationPlatforms) = preSolution
		Debug|Any CPU = Debug|Any CPU
		Release|Any CPU = Release|Any CPU
	EndGlobalSection
	GlobalSection(ProjectConfigurationPlatforms) = postSolution
		{4A8DCD39-DE4D-4433-B06F-058F44CDC280}.Debug|Any CPU.ActiveCfg = Debug|Any CPU
		{4A8DCD39-DE4D-4433-B06F-058F44CDC280}.Debug|Any CPU.Build.0 = Debug|Any CPU
		{4A8DCD39-DE4D-4433-B06F-058F44CDC280}.Release|Any CPU.ActiveCfg = Release|Any CPU
		{4A8DCD39-DE4D-4433-B06F-058F44CDC280}.Release|Any CPU.Build.0 = Release|Any CPU
	EndGlobalSection
	GlobalSection(SolutionProperties) = preSolution
		HideSolutionNode = FALSE
	EndGlobalSection
	GlobalSection(ExtensibilityGlobals) = postSolution
		SolutionGuid = {2DA6E43B-D3E9-449F-9866-54F23235B21B}
	EndGlobalSection
EndGlobal
