
Microsoft Visual Studio Solution File, Format Version 12.00
# Visual Studio Version 17
VisualStudioVersion = 17.14.36616.10 d17.14
MinimumVisualStudioVersion = 10.0.40219.1
Project("{FAE04EC0-301F-11D3-BF4B-00C04F79EFBC}") = "CheckBoxYButton_2", "CheckBoxYButton_2\CheckBoxYButton_2.csproj", "{35C1FDE3-BA55-478B-9D05-5D729D6FF912}"
EndProject
Global
	GlobalSection(SolutionConfigurationPlatforms) = preSolution
		Debug|Any CPU = Debug|Any CPU
		Release|Any CPU = Release|Any CPU
	EndGlobalSection
	GlobalSection(ProjectConfigurationPlatforms) = postSolution
		{35C1FDE3-BA55-478B-9D05-5D729D6FF912}.Debug|Any CPU.ActiveCfg = Debug|Any CPU
		{35C1FDE3-BA55-478B-9D05-5D729D6FF912}.Debug|Any CPU.Build.0 = Debug|Any CPU
		{35C1FDE3-BA55-478B-9D05-5D729D6FF912}.Release|Any CPU.ActiveCfg = Release|Any CPU
		{35C1FDE3-BA55-478B-9D05-5D729D6FF912}.Release|Any CPU.Build.0 = Release|Any CPU
	EndGlobalSection
	GlobalSection(SolutionProperties) = preSolution
		HideSolutionNode = FALSE
	EndGlobalSection
	GlobalSection(ExtensibilityGlobals) = postSolution
		SolutionGuid = {3BA139AD-9277-4982-B536-A25738713475}
	EndGlobalSection
EndGlobal
