
Microsoft Visual Studio Solution File, Format Version 12.00
# Visual Studio Version 17
VisualStudioVersion = 17.14.36616.10 d17.14
MinimumVisualStudioVersion = 10.0.40219.1
Project("{FAE04EC0-301F-11D3-BF4B-00C04F79EFBC}") = "ComBox_Tooltip_4", "ComBox_Tooltip_4\ComBox_Tooltip_4.csproj", "{4A5BCDC5-982E-4552-92FB-E78E013F61D4}"
EndProject
Global
	GlobalSection(SolutionConfigurationPlatforms) = preSolution
		Debug|Any CPU = Debug|Any CPU
		Release|Any CPU = Release|Any CPU
	EndGlobalSection
	GlobalSection(ProjectConfigurationPlatforms) = postSolution
		{4A5BCDC5-982E-4552-92FB-E78E013F61D4}.Debug|Any CPU.ActiveCfg = Debug|Any CPU
		{4A5BCDC5-982E-4552-92FB-E78E013F61D4}.Debug|Any CPU.Build.0 = Debug|Any CPU
		{4A5BCDC5-982E-4552-92FB-E78E013F61D4}.Release|Any CPU.ActiveCfg = Release|Any CPU
		{4A5BCDC5-982E-4552-92FB-E78E013F61D4}.Release|Any CPU.Build.0 = Release|Any CPU
	EndGlobalSection
	GlobalSection(SolutionProperties) = preSolution
		HideSolutionNode = FALSE
	EndGlobalSection
	GlobalSection(ExtensibilityGlobals) = postSolution
		SolutionGuid = {67A0C720-36CE-43B0-8528-4FBA27E446E5}
	EndGlobalSection
EndGlobal
