
Microsoft Visual Studio Solution File, Format Version 12.00
# Visual Studio Version 17
VisualStudioVersion = 17.14.36616.10 d17.14
MinimumVisualStudioVersion = 10.0.40219.1
Project("{FAE04EC0-301F-11D3-BF4B-00C04F79EFBC}") = "TextBlockYLabel_5", "TextBlockYLabel_5\TextBlockYLabel_5.csproj", "{A46FC419-8C6A-4E6F-AC0D-CB2238C8E5D3}"
EndProject
Global
	GlobalSection(SolutionConfigurationPlatforms) = preSolution
		Debug|Any CPU = Debug|Any CPU
		Release|Any CPU = Release|Any CPU
	EndGlobalSection
	GlobalSection(ProjectConfigurationPlatforms) = postSolution
		{A46FC419-8C6A-4E6F-AC0D-CB2238C8E5D3}.Debug|Any CPU.ActiveCfg = Debug|Any CPU
		{A46FC419-8C6A-4E6F-AC0D-CB2238C8E5D3}.Debug|Any CPU.Build.0 = Debug|Any CPU
		{A46FC419-8C6A-4E6F-AC0D-CB2238C8E5D3}.Release|Any CPU.ActiveCfg = Release|Any CPU
		{A46FC419-8C6A-4E6F-AC0D-CB2238C8E5D3}.Release|Any CPU.Build.0 = Release|Any CPU
	EndGlobalSection
	GlobalSection(SolutionProperties) = preSolution
		HideSolutionNode = FALSE
	EndGlobalSection
	GlobalSection(ExtensibilityGlobals) = postSolution
		SolutionGuid = {CF1B7637-3292-4E0B-B261-836EF3F8A1DF}
	EndGlobalSection
EndGlobal
