
Microsoft Visual Studio Solution File, Format Version 12.00
# Visual Studio Version 17
VisualStudioVersion = 17.14.36414.22 d17.14
MinimumVisualStudioVersion = 10.0.40219.1
Project("{FAE04EC0-301F-11D3-BF4B-00C04F79EFBC}") = "RadioButtonYPasswordBox_1", "RadioButtonYPasswordBox_1\RadioButtonYPasswordBox_1.csproj", "{CA6ECBFE-1D3B-4994-A800-234744D5DDCE}"
EndProject
Global
	GlobalSection(SolutionConfigurationPlatforms) = preSolution
		Debug|Any CPU = Debug|Any CPU
		Release|Any CPU = Release|Any CPU
	EndGlobalSection
	GlobalSection(ProjectConfigurationPlatforms) = postSolution
		{CA6ECBFE-1D3B-4994-A800-234744D5DDCE}.Debug|Any CPU.ActiveCfg = Debug|Any CPU
		{CA6ECBFE-1D3B-4994-A800-234744D5DDCE}.Debug|Any CPU.Build.0 = Debug|Any CPU
		{CA6ECBFE-1D3B-4994-A800-234744D5DDCE}.Release|Any CPU.ActiveCfg = Release|Any CPU
		{CA6ECBFE-1D3B-4994-A800-234744D5DDCE}.Release|Any CPU.Build.0 = Release|Any CPU
	EndGlobalSection
	GlobalSection(SolutionProperties) = preSolution
		HideSolutionNode = FALSE
	EndGlobalSection
	GlobalSection(ExtensibilityGlobals) = postSolution
		SolutionGuid = {96D97983-83FF-41E5-9EE0-DA83F5617704}
	EndGlobalSection
EndGlobal
